// !$*UTF8*$!
{
	archiveVersion = 1;
	classes = {
	};
	objectVersion = 46;
	objects = {

/* Begin PBXBuildFile section */
		CE0C941D1DDB1C1D00206539 /* main.swift in Sources */ = {isa = PBXBuildFile; fileRef = CE0C941C1DDB1C1D00206539 /* main.swift */; };
		CE0C94241DDB34DD00206539 /* Phone.swift in Sources */ = {isa = PBXBuildFile; fileRef = CE0C94231DDB34DD00206539 /* Phone.swift */; };
		CE0C94261DDB34FB00206539 /* PhoneDuos.swift in Sources */ = {isa = PBXBuildFile; fileRef = CE0C94251DDB34FB00206539 /* PhoneDuos.swift */; };
/* End PBXBuildFile section */

/* Begin PBXCopyFilesBuildPhase section */
		CE0C94171DDB1C1D00206539 /* CopyFiles */ = {
			isa = PBXCopyFilesBuildPhase;
			buildActionMask = 2147483647;
			dstPath = /usr/share/man/man1/;
			dstSubfolderSpec = 0;
			files = (
			);
			runOnlyForDeploymentPostprocessing = 1;
		};
/* End PBXCopyFilesBuildPhase section */

/* Begin PBXFileReference section */
		CE0C94191DDB1C1D00206539 /* 11-Task-MobilePhone */ = {isa = PBXFileReference; explicitFileType = "compiled.mach-o.executable"; includeInIndex = 0; path = "11-Task-MobilePhone"; sourceTree = BUILT_PRODUCTS_DIR; };
		CE0C941C1DDB1C1D00206539 /* main.swift */ = {isa = PBXFileReference; lastKnownFileType = sourcecode.swift; path = main.swift; sourceTree = "<group>"; };
		CE0C94231DDB34DD00206539 /* Phone.swift */ = {isa = PBXFileReference; fileEncoding = 4; lastKnownFileType = sourcecode.swift; path = Phone.swift; sourceTree = "<group>"; };
		CE0C94251DDB34FB00206539 /* PhoneDuos.swift */ = {isa = PBXFileReference; fileEncoding = 4; lastKnownFileType = sourcecode.swift; path = PhoneDuos.swift; sourceTree = "<group>"; };
/* End PBXFileReference section */

/* Begin PBXFrameworksBuildPhase section */
		CE0C94161DDB1C1D00206539 /* Frameworks */ = {
			isa = PBXFrameworksBuildPhase;
			buildActionMask = 2147483647;
			files = (
			);
			runOnlyForDeploymentPostprocessing = 0;
		};
/* End PBXFrameworksBuildPhase section */

/* Begin PBXGroup section */
		CE0C94101DDB1C1D00206539 = {
			isa = PBXGroup;
			children = (
				CE0C941B1DDB1C1D00206539 /* 11-Task-MobilePhone */,
				CE0C941A1DDB1C1D00206539 /* Products */,
			);
			sourceTree = "<group>";
		};
		CE0C941A1DDB1C1D00206539 /* Products */ = {
			isa = PBXGroup;
			children = (
				CE0C94191DDB1C1D00206539 /* 11-Task-MobilePhone */,
			);
			name = Products;
			sourceTree = "<group>";
		};
		CE0C941B1DDB1C1D00206539 /* 11-Task-MobilePhone */ = {
			isa = PBXGroup;
			children = (
				CE0C941C1DDB1C1D00206539 /* main.swift */,
				CE0C94251DDB34FB00206539 /* PhoneDuos.swift */,
				CE0C94231DDB34DD00206539 /* Phone.swift */,
			);
			path = "11-Task-MobilePhone";
			sourceTree = "<group>";
		};
/* End PBXGroup section */

/* Begin PBXNativeTarget section */
		CE0C94181DDB1C1D00206539 /* 11-Task-MobilePhone */ = {
			isa = PBXNativeTarget;
			buildConfigurationList = CE0C94201DDB1C1D00206539 /* Build configuration list for PBXNativeTarget "11-Task-MobilePhone" */;
			buildPhases = (
				CE0C94151DDB1C1D00206539 /* Sources */,
				CE0C94161DDB1C1D00206539 /* Frameworks */,
				CE0C94171DDB1C1D00206539 /* CopyFiles */,
			);
			buildRules = (
			);
			dependencies = (
			);
			name = "11-Task-MobilePhone";
			productName = "11-Task-MobilePhone";
			productReference = CE0C94191DDB1C1D00206539 /* 11-Task-MobilePhone */;
			productType = "com.apple.product-type.tool";
		};
/* End PBXNativeTarget section */

/* Begin PBXProject section */
		CE0C94111DDB1C1D00206539 /* Project object */ = {
			isa = PBXProject;
			attributes = {
				LastSwiftUpdateCheck = 0810;
				LastUpgradeCheck = 0810;
				ORGANIZATIONNAME = user;
				TargetAttributes = {
					CE0C94181DDB1C1D00206539 = {
						CreatedOnToolsVersion = 8.1;
						ProvisioningStyle = Automatic;
					};
				};
			};
			buildConfigurationList = CE0C94141DDB1C1D00206539 /* Build configuration list for PBXProject "11-Task-MobilePhone" */;
			compatibilityVersion = "Xcode 3.2";
			developmentRegion = English;
			hasScannedForEncodings = 0;
			knownRegions = (
				en,
			);
			mainGroup = CE0C94101DDB1C1D00206539;
			productRefGroup = CE0C941A1DDB1C1D00206539 /* Products */;
			projectDirPath = "";
			projectRoot = "";
			targets = (
				CE0C94181DDB1C1D00206539 /* 11-Task-MobilePhone */,
			);
		};
/* End PBXProject section */

/* Begin PBXSourcesBuildPhase section */
		CE0C94151DDB1C1D00206539 /* Sources */ = {
			isa = PBXSourcesBuildPhase;
			buildActionMask = 2147483647;
			files = (
				CE0C94241DDB34DD00206539 /* Phone.swift in Sources */,
				CE0C941D1DDB1C1D00206539 /* main.swift in Sources */,
				CE0C94261DDB34FB00206539 /* PhoneDuos.swift in Sources */,
			);
			runOnlyForDeploymentPostprocessing = 0;
		};
/* End PBXSourcesBuildPhase section */

/* Begin XCBuildConfiguration section */
		CE0C941E1DDB1C1D00206539 /* Debug */ = {
			isa = XCBuildConfiguration;
			buildSettings = {
				ALWAYS_SEARCH_USER_PATHS = NO;
				CLANG_ANALYZER_NONNULL = YES;
				CLANG_CXX_LANGUAGE_STANDARD = "gnu++0x";
				CLANG_CXX_LIBRARY = "libc++";
				CLANG_ENABLE_MODULES = YES;
				CLANG_ENABLE_OBJC_ARC = YES;
				CLANG_WARN_BOOL_CONVERSION = YES;
				CLANG_WARN_CONSTANT_CONVERSION = YES;
				CLANG_WARN_DIRECT_OBJC_ISA_USAGE = YES_ERROR;
				CLANG_WARN_DOCUMENTATION_COMMENTS = YES;
				CLANG_WARN_EMPTY_BODY = YES;
				CLANG_WARN_ENUM_CONVERSION = YES;
				CLANG_WARN_INFINITE_RECURSION = YES;
				CLANG_WARN_INT_CONVERSION = YES;
				CLANG_WARN_OBJC_ROOT_CLASS = YES_ERROR;
				CLANG_WARN_SUSPICIOUS_MOVES = YES;
				CLANG_WARN_UNREACHABLE_CODE = YES;
				CLANG_WARN__DUPLICATE_METHOD_MATCH = YES;
				CODE_SIGN_IDENTITY = "-";
				COPY_PHASE_STRIP = NO;
				DEBUG_INFORMATION_FORMAT = dwarf;
				ENABLE_STRICT_OBJC_MSGSEND = YES;
				ENABLE_TESTABILITY = YES;
				GCC_C_LANGUAGE_STANDARD = gnu99;
				GCC_DYNAMIC_NO_PIC = NO;
				GCC_NO_COMMON_BLOCKS = YES;
				GCC_OPTIMIZATION_LEVEL = 0;
				GCC_PREPROCESSOR_DEFINITIONS = (
					"DEBUG=1",
					"$(inherited)",
				);
				GCC_WARN_64_TO_32_BIT_CONVERSION = YES;
				GCC_WARN_ABOUT_RETURN_TYPE = YES_ERROR;
				GCC_WARN_UNDECLARED_SELECTOR = YES;
				GCC_WARN_UNINITIALIZED_AUTOS = YES_AGGRESSIVE;
				GCC_WARN_UNUSED_FUNCTION = YES;
				GCC_WARN_UNUSED_VARIABLE = YES;
				MACOSX_DEPLOYMENT_TARGET = 10.12;
				MTL_ENABLE_DEBUG_INFO = YES;
				ONLY_ACTIVE_ARCH = YES;
				SDKROOT = macosx;
				SWIFT_OPTIMIZATION_LEVEL = "-Onone";
			};
			name = Debug;
		};
		CE0C941F1DDB1C1D00206539 /* Release */ = {
			isa = XCBuildConfiguration;
			buildSettings = {
				ALWAYS_SEARCH_USER_PATHS = NO;
				CLANG_ANALYZER_NONNULL = YES;
				CLANG_CXX_LANGUAGE_STANDARD = "gnu++0x";
				CLANG_CXX_LIBRARY = "libc++";
				CLANG_ENABLE_MODULES = YES;
				CLANG_ENABLE_OBJC_ARC = YES;
				CLANG_WARN_BOOL_CONVERSION = YES;
				CLANG_WARN_CONSTANT_CONVERSION = YES;
				CLANG_WARN_DIRECT_OBJC_ISA_USAGE = YES_ERROR;
				CLANG_WARN_DOCUMENTATION_COMMENTS = YES;
				CLANG_WARN_EMPTY_BODY = YES;
				CLANG_WARN_ENUM_CONVERSION = YES;
				CLANG_WARN_INFINITE_RECURSION = YES;
				CLANG_WARN_INT_CONVERSION = YES;
				CLANG_WARN_OBJC_ROOT_CLASS = YES_ERROR;
				CLANG_WARN_SUSPICIOUS_MOVES = YES;
				CLANG_WARN_UNREACHABLE_CODE = YES;
				CLANG_WARN__DUPLICATE_METHOD_MATCH = YES;
				CODE_SIGN_IDENTITY = "-";
				COPY_PHASE_STRIP = NO;
				DEBUG_INFORMATION_FORMAT = "dwarf-with-dsym";
				ENABLE_NS_ASSERTIONS = NO;
				ENABLE_STRICT_OBJC_MSGSEND = YES;
				GCC_C_LANGUAGE_STANDARD = gnu99;
				GCC_NO_COMMON_BLOCKS = YES;
				GCC_WARN_64_TO_32_BIT_CONVERSION = YES;
				GCC_WARN_ABOUT_RETURN_TYPE = YES_ERROR;
				GCC_WARN_UNDECLARED_SELECTOR = YES;
				GCC_WARN_UNINITIALIZED_AUTOS = YES_AGGRESSIVE;
				GCC_WARN_UNUSED_FUNCTION = YES;
				GCC_WARN_UNUSED_VARIABLE = YES;
				MACOSX_DEPLOYMENT_TARGET = 10.12;
				MTL_ENABLE_DEBUG_INFO = NO;
				SDKROOT = macosx;
			};
			name = Release;
		};
		CE0C94211DDB1C1D00206539 /* Debug */ = {
			isa = XCBuildConfiguration;
			buildSettings = {
				PRODUCT_NAME = "$(TARGET_NAME)";
				SWIFT_VERSION = 3.0;
			};
			name = Debug;
		};
		CE0C94221DDB1C1D00206539 /* Release */ = {
			isa = XCBuildConfiguration;
			buildSettings = {
				PRODUCT_NAME = "$(TARGET_NAME)";
				SWIFT_VERSION = 3.0;
			};
			name = Release;
		};
/* End XCBuildConfiguration section */

/* Begin XCConfigurationList section */
		CE0C94141DDB1C1D00206539 /* Build configuration list for PBXProject "11-Task-MobilePhone" */ = {
			isa = XCConfigurationList;
			buildConfigurations = (
				CE0C941E1DDB1C1D00206539 /* Debug */,
				CE0C941F1DDB1C1D00206539 /* Release */,
			);
			defaultConfigurationIsVisible = 0;
			defaultConfigurationName = Release;
		};
		CE0C94201DDB1C1D00206539 /* Build configuration list for PBXNativeTarget "11-Task-MobilePhone" */ = {
			isa = XCConfigurationList;
			buildConfigurations = (
				CE0C94211DDB1C1D00206539 /* Debug */,
				CE0C94221DDB1C1D00206539 /* Release */,
			);
			defaultConfigurationIsVisible = 0;
		};
/* End XCConfigurationList section */
	};
	rootObject = CE0C94111DDB1C1D00206539 /* Project object */;
}
